#MicroXplorer Configuration settings - do not modify
Mcu.Family=STM32F4
PA6.GPIOParameters=GPIO_Label
RCC.PLLSourceVirtual=RCC_PLLSOURCE_HSE
ProjectManager.MainLocation=Core/Src
PA6.Mode=Full_Duplex_Master
ProjectManager.ProjectFileName=lamp.ioc
RCC.CortexFreq_Value=12500000
PB8.GPIOParameters=GPIO_Label
PA7.Mode=Full_Duplex_Master
ProjectManager.KeepUserCode=true
Mcu.UserName=STM32F411CEUx
Mcu.PinsNb=15
SPI1.VirtualType=VM_MASTER
ProjectManager.NoMain=false
SPI1.IPParameters=VirtualType,Mode,Direction,CalculateBaudRate,BaudRatePrescaler
PC13-ANTI_TAMP.GPIO_Label=LED_BLUE
RCC.PLLCLKFreq_Value=100000000
RCC.PLLQCLKFreq_Value=50000000
ProjectManager.functionlistsort=1-MX_GPIO_Init-GPIO-false-HAL-true,2-SystemClock_Config-RCC-false-HAL-false,3-MX_SPI1_Init-SPI1-false-HAL-true,4-MX_SPI5_Init-SPI5-false-HAL-true,5-MX_I2C1_Init-I2C1-false-HAL-true
PH1\ -\ OSC_OUT.Mode=HSE-External-Oscillator
RCC.RTCFreq_Value=32000
ProjectManager.DefaultFWLocation=true
PA6.GPIO_Label=TOUCH_MISO
PB0.GPIO_Label=LCD_CLK
PB6.GPIO_Label=BMP_SCL
ProjectManager.DeletePrevious=true
RCC.APB1CLKDivider=RCC_HCLK_DIV2
PC14-OSC32_IN.Signal=GPIO_Output
SPI5.Mode=SPI_MODE_MASTER
PC15-OSC32_OUT.GPIO_Label=TOUCH_IRQ
PinOutPanel.RotationAngle=0
RCC.FamilyName=M
RCC.SYSCLKSource=RCC_SYSCLKSOURCE_PLLCLK
ProjectManager.StackSize=0x400
Mcu.IP4=SPI5
RCC.FCLKCortexFreq_Value=100000000
Mcu.IP5=SYS
I2C1.IPParameters=I2C_Mode
NVIC.SVCall_IRQn=true\:0\:0\:false\:false\:true\:false\:false
Mcu.IP2=RCC
PB8.GPIO_Label=LCD_MOSI
Mcu.IP3=SPI1
Mcu.IP0=I2C1
Mcu.IP1=NVIC
PH0\ -\ OSC_IN.Mode=HSE-External-Oscillator
PC15-OSC32_OUT.Locked=true
Mcu.UserConstants=
PH0\ -\ OSC_IN.Signal=RCC_OSC_IN
ProjectManager.TargetToolchain=STM32CubeIDE
I2C1.I2C_Mode=I2C_Fast
Mcu.ThirdPartyNb=0
SPI1.Direction=SPI_DIRECTION_2LINES
PB7.GPIOParameters=GPIO_Label
RCC.HCLKFreq_Value=100000000
Mcu.IPNb=6
RCC.I2SClocksFreq_Value=150000000
ProjectManager.PreviousToolchain=
RCC.APB2TimFreq_Value=100000000
PB2.GPIOParameters=GPIO_Label
PB6.Signal=I2C1_SCL
RCC.VcooutputI2S=150000000
PB6.Mode=I2C
SPI1.CalculateBaudRate=1.5625 MBits/s
RCC.VCOInputMFreq_Value=1562500
Mcu.Pin6=PA5
Mcu.Pin7=PA6
ProjectManager.RegisterCallBack=
Mcu.Pin8=PA7
Mcu.Pin9=PB0
RCC.LSE_VALUE=32768
PC15-OSC32_OUT.Signal=GPXTI15
RCC.AHBFreq_Value=100000000
Mcu.Pin0=PC13-ANTI_TAMP
Mcu.Pin1=PC14-OSC32_IN
GPIO.groupedBy=Group By Peripherals
Mcu.Pin2=PC15-OSC32_OUT
Mcu.Pin3=PH0 - OSC_IN
Mcu.Pin4=PH1 - OSC_OUT
NVIC.EXTI15_10_IRQn=true\:0\:0\:false\:true\:true\:1\:true\:true
RCC.VCOI2SOutputFreq_Value=300000000
Mcu.Pin5=PA4
PA5.Signal=SPI1_SCK
ProjectManager.ProjectBuild=false
RCC.HSE_VALUE=25000000
NVIC.UsageFault_IRQn=true\:0\:0\:false\:false\:true\:false\:false
NVIC.DebugMonitor_IRQn=true\:0\:0\:false\:false\:true\:false\:false
PH1\ -\ OSC_OUT.Signal=RCC_OSC_OUT
PB0.Mode=TX_Only_Simplex_Unidirect_Master
PB2.Signal=GPIO_Output
board=custom
PA4.Locked=true
PC13-ANTI_TAMP.Signal=GPIO_Output
RCC.VCOOutputFreq_Value=200000000
PC13-ANTI_TAMP.Locked=true
NVIC.SysTick_IRQn=true\:0\:0\:false\:false\:true\:false\:true
ProjectManager.LastFirmware=true
ProjectManager.FirmwarePackage=STM32Cube FW_F4 V1.26.0
MxDb.Version=DB.6.0.20
PB0.GPIOParameters=GPIO_Label
RCC.APB2Freq_Value=50000000
ProjectManager.BackupPrevious=false
MxCube.Version=6.2.0
RCC.VCOInputFreq_Value=2083333.3333333333
SPI1.Mode=SPI_MODE_MASTER
File.Version=6
VP_SYS_VS_Systick.Mode=SysTick
RCC.EthernetFreq_Value=100000000
PB7.Signal=I2C1_SDA
PB8.Locked=true
NVIC.NonMaskableInt_IRQn=true\:0\:0\:false\:false\:true\:false\:false
PA4.GPIOParameters=GPIO_Label
NVIC.PendSV_IRQn=true\:0\:0\:false\:false\:true\:false\:false
ProjectManager.FreePins=false
RCC.IPParameters=48MHZClocksFreq_Value,AHBFreq_Value,APB1CLKDivider,APB1Freq_Value,APB1TimFreq_Value,APB2CLKDivider,APB2Freq_Value,APB2TimFreq_Value,CortexFreq_Value,Cortex_Div,EthernetFreq_Value,FCLKCortexFreq_Value,FamilyName,HCLKFreq_Value,HSE_VALUE,HSI_VALUE,I2SClocksFreq_Value,LSE_VALUE,LSI_VALUE,PLLCLKFreq_Value,PLLM,PLLN,PLLQCLKFreq_Value,PLLSourceVirtual,RTCFreq_Value,RTCHSEDivFreq_Value,SYSCLKFreq_VALUE,SYSCLKSource,VCOI2SOutputFreq_Value,VCOInputFreq_Value,VCOInputMFreq_Value,VCOOutputFreq_Value,VcooutputI2S
ProjectManager.AskForMigrate=true
Mcu.Name=STM32F411C(C-E)Ux
PB6.GPIOParameters=GPIO_Label
ProjectManager.HalAssertFull=false
PC14-OSC32_IN.GPIOParameters=GPIO_Label
RCC.RTCHSEDivFreq_Value=12500000
ProjectManager.ProjectName=lamp
ProjectManager.UnderRoot=true
PB2.Locked=true
ProjectManager.CoupleFile=true
PB7.GPIO_Label=BMP_SDA
RCC.48MHZClocksFreq_Value=50000000
PA4.Signal=GPIO_Output
RCC.SYSCLKFreq_VALUE=100000000
Mcu.Package=UFQFPN48
SPI5.BaudRatePrescaler=SPI_BAUDRATEPRESCALER_4
PA6.Signal=SPI1_MISO
PA7.GPIO_Label=TOUCH_MOSI
PA5.GPIO_Label=TOUCH_CLK
NVIC.ForceEnableDMAVector=true
KeepUserPlacement=false
NVIC.MemoryManagement_IRQn=true\:0\:0\:false\:false\:true\:false\:false
ProjectManager.CompilerOptimize=6
ProjectManager.ToolChainLocation=
RCC.LSI_VALUE=32000
VP_SYS_VS_Systick.Signal=SYS_VS_Systick
PB7.Mode=I2C
PB2.GPIO_Label=LCD_CS
ProjectManager.HeapSize=0x200
NVIC.HardFault_IRQn=true\:0\:0\:false\:false\:true\:false\:false
PA5.GPIOParameters=GPIO_Label
Mcu.Pin13=PB8
Mcu.Pin14=VP_SYS_VS_Systick
SH.GPXTI15.ConfNb=1
ProjectManager.ComputerToolchain=false
RCC.HSI_VALUE=16000000
SPI5.CalculateBaudRate=12.5 MBits/s
NVIC.PriorityGroup=NVIC_PRIORITYGROUP_4
RCC.APB2CLKDivider=RCC_HCLK_DIV2
SH.GPXTI15.0=GPIO_EXTI15
Mcu.Pin11=PB6
Mcu.Pin12=PB7
RCC.PLLM=12
PB8.Mode=TX_Only_Simplex_Unidirect_Master
RCC.PLLN=96
Mcu.Pin10=PB2
RCC.APB1TimFreq_Value=100000000
PB8.Signal=SPI5_MOSI
NVIC.BusFault_IRQn=true\:0\:0\:false\:false\:true\:false\:false
PC14-OSC32_IN.GPIO_Label=LCD_DC
RCC.Cortex_Div=SYSTICK_CLKSOURCE_HCLK_DIV8
PC15-OSC32_OUT.GPIOParameters=GPIO_Label
RCC.APB1Freq_Value=50000000
SPI1.BaudRatePrescaler=SPI_BAUDRATEPRESCALER_32
SPI5.IPParameters=VirtualType,Mode,Direction,CalculateBaudRate,BaudRatePrescaler
PB0.Signal=SPI5_SCK
PA4.GPIO_Label=TOUCH_CS
PA7.GPIOParameters=GPIO_Label
SPI5.VirtualType=VM_MASTER
ProjectManager.CustomerFirmwarePackage=
ProjectManager.DeviceId=STM32F411CEUx
PC14-OSC32_IN.Locked=true
ProjectManager.LibraryCopy=1
SPI5.Direction=SPI_DIRECTION_2LINES
PA7.Signal=SPI1_MOSI
PC13-ANTI_TAMP.GPIOParameters=GPIO_Label
PA5.Mode=Full_Duplex_Master
isbadioc=false
